
Microsoft Visual Studio Solution File, Format Version 12.00
# Visual Studio Version 16
VisualStudioVersion = 16.0.31205.134
MinimumVisualStudioVersion = 10.0.40219.1
Project("{9A19103F-16F7-4668-BE54-9A1E7A4F7556}") = "DomainLayer", "DomainLayer\DomainLayer.csproj", "{FED30A11-1F22-4DD3-8F34-19B2F39BF354}"
EndProject
Project("{FAE04EC0-301F-11D3-BF4B-00C04F79EFBC}") = "RepositoryLayer", "RepositoryLayer\RepositoryLayer.csproj", "{BDC6CA04-CAFF-47BB-BAC8-C63628276AA5}"
	ProjectSection(ProjectDependencies) = postProject
		{FED30A11-1F22-4DD3-8F34-19B2F39BF354} = {FED30A11-1F22-4DD3-8F34-19B2F39BF354}
	EndProjectSection
EndProject
Project("{FAE04EC0-301F-11D3-BF4B-00C04F79EFBC}") = "ServiceLayer", "ServiceLayer\ServiceLayer.csproj", "{88775075-281D-4639-BF10-EE29A188446B}"
EndProject
Project("{FAE04EC0-301F-11D3-BF4B-00C04F79EFBC}") = "Tournament", "Tournament\Tournament.csproj", "{ED04274B-A2A5-4713-818C-8FDB312575C1}"
EndProject
Global
	GlobalSection(SolutionConfigurationPlatforms) = preSolution
		Debug|Any CPU = Debug|Any CPU
		Release|Any CPU = Release|Any CPU
	EndGlobalSection
	GlobalSection(ProjectConfigurationPlatforms) = postSolution
		{FED30A11-1F22-4DD3-8F34-19B2F39BF354}.Debug|Any CPU.ActiveCfg = Debug|Any CPU
		{FED30A11-1F22-4DD3-8F34-19B2F39BF354}.Debug|Any CPU.Build.0 = Debug|Any CPU
		{FED30A11-1F22-4DD3-8F34-19B2F39BF354}.Release|Any CPU.ActiveCfg = Release|Any CPU
		{FED30A11-1F22-4DD3-8F34-19B2F39BF354}.Release|Any CPU.Build.0 = Release|Any CPU
		{BDC6CA04-CAFF-47BB-BAC8-C63628276AA5}.Debug|Any CPU.ActiveCfg = Debug|Any CPU
		{BDC6CA04-CAFF-47BB-BAC8-C63628276AA5}.Debug|Any CPU.Build.0 = Debug|Any CPU
		{BDC6CA04-CAFF-47BB-BAC8-C63628276AA5}.Release|Any CPU.ActiveCfg = Release|Any CPU
		{BDC6CA04-CAFF-47BB-BAC8-C63628276AA5}.Release|Any CPU.Build.0 = Release|Any CPU
		{88775075-281D-4639-BF10-EE29A188446B}.Debug|Any CPU.ActiveCfg = Debug|Any CPU
		{88775075-281D-4639-BF10-EE29A188446B}.Debug|Any CPU.Build.0 = Debug|Any CPU
		{88775075-281D-4639-BF10-EE29A188446B}.Release|Any CPU.ActiveCfg = Release|Any CPU
		{88775075-281D-4639-BF10-EE29A188446B}.Release|Any CPU.Build.0 = Release|Any CPU
		{ED04274B-A2A5-4713-818C-8FDB312575C1}.Debug|Any CPU.ActiveCfg = Debug|Any CPU
		{ED04274B-A2A5-4713-818C-8FDB312575C1}.Debug|Any CPU.Build.0 = Debug|Any CPU
		{ED04274B-A2A5-4713-818C-8FDB312575C1}.Release|Any CPU.ActiveCfg = Release|Any CPU
		{ED04274B-A2A5-4713-818C-8FDB312575C1}.Release|Any CPU.Build.0 = Release|Any CPU
	EndGlobalSection
	GlobalSection(SolutionProperties) = preSolution
		HideSolutionNode = FALSE
	EndGlobalSection
	GlobalSection(ExtensibilityGlobals) = postSolution
		SolutionGuid = {D50738A3-54ED-442C-8FDA-574A2FE2E6E6}
	EndGlobalSection
EndGlobal
